
Microsoft Visual Studio Solution File, Format Version 12.00
# Visual Studio 14
VisualStudioVersion = 14.0.25420.1
MinimumVisualStudioVersion = 10.0.40219.1
Project("{FAE04EC0-301F-11D3-BF4B-00C04F79EFBC}") = "1. Largest Common End", "1. Largest Common End\1. Largest Common End.csproj", "{8065C6F5-73AD-4221-9FEF-368571AC4683}"
EndProject
Project("{FAE04EC0-301F-11D3-BF4B-00C04F79EFBC}") = "2. Rotate and Sum", "2. Rotate and Sum\2. Rotate and Sum.csproj", "{771A6E3C-47C1-43C4-9715-C050CD499952}"
EndProject
Global
	GlobalSection(SolutionConfigurationPlatforms) = preSolution
		Debug|Any CPU = Debug|Any CPU
		Release|Any CPU = Release|Any CPU
	EndGlobalSection
	GlobalSection(ProjectConfigurationPlatforms) = postSolution
		{8065C6F5-73AD-4221-9FEF-368571AC4683}.Debug|Any CPU.ActiveCfg = Debug|Any CPU
		{8065C6F5-73AD-4221-9FEF-368571AC4683}.Debug|Any CPU.Build.0 = Debug|Any CPU
		{8065C6F5-73AD-4221-9FEF-368571AC4683}.Release|Any CPU.ActiveCfg = Release|Any CPU
		{8065C6F5-73AD-4221-9FEF-368571AC4683}.Release|Any CPU.Build.0 = Release|Any CPU
		{771A6E3C-47C1-43C4-9715-C050CD499952}.Debug|Any CPU.ActiveCfg = Debug|Any CPU
		{771A6E3C-47C1-43C4-9715-C050CD499952}.Debug|Any CPU.Build.0 = Debug|Any CPU
		{771A6E3C-47C1-43C4-9715-C050CD499952}.Release|Any CPU.ActiveCfg = Release|Any CPU
		{771A6E3C-47C1-43C4-9715-C050CD499952}.Release|Any CPU.Build.0 = Release|Any CPU
	EndGlobalSection
	GlobalSection(SolutionProperties) = preSolution
		HideSolutionNode = FALSE
	EndGlobalSection
EndGlobal
