
Microsoft Visual Studio Solution File, Format Version 12.00
# Visual Studio 14
VisualStudioVersion = 14.0.25420.1
MinimumVisualStudioVersion = 10.0.40219.1
Project("{FAE04EC0-301F-11D3-BF4B-00C04F79EFBC}") = "ConsoleApplication1", "ConsoleApplication1\ConsoleApplication1.csproj", "{A29207B9-8862-4608-BC72-860F0C7CC6CF}"
EndProject
Project("{FAE04EC0-301F-11D3-BF4B-00C04F79EFBC}") = "2.String Lenght", "2.String Lenght\2.String Lenght.csproj", "{D80F14D1-BD25-4DC3-808D-4B0D2F3A7A40}"
EndProject
Project("{FAE04EC0-301F-11D3-BF4B-00C04F79EFBC}") = "3. Formatting Numbers", "3. Formatting Numbers\3. Formatting Numbers.csproj", "{2E739197-A174-408C-8FCB-22E459041421}"
EndProject
Global
	GlobalSection(SolutionConfigurationPlatforms) = preSolution
		Debug|Any CPU = Debug|Any CPU
		Release|Any CPU = Release|Any CPU
	EndGlobalSection
	GlobalSection(ProjectConfigurationPlatforms) = postSolution
		{A29207B9-8862-4608-BC72-860F0C7CC6CF}.Debug|Any CPU.ActiveCfg = Debug|Any CPU
		{A29207B9-8862-4608-BC72-860F0C7CC6CF}.Debug|Any CPU.Build.0 = Debug|Any CPU
		{A29207B9-8862-4608-BC72-860F0C7CC6CF}.Release|Any CPU.ActiveCfg = Release|Any CPU
		{A29207B9-8862-4608-BC72-860F0C7CC6CF}.Release|Any CPU.Build.0 = Release|Any CPU
		{D80F14D1-BD25-4DC3-808D-4B0D2F3A7A40}.Debug|Any CPU.ActiveCfg = Debug|Any CPU
		{D80F14D1-BD25-4DC3-808D-4B0D2F3A7A40}.Debug|Any CPU.Build.0 = Debug|Any CPU
		{D80F14D1-BD25-4DC3-808D-4B0D2F3A7A40}.Release|Any CPU.ActiveCfg = Release|Any CPU
		{D80F14D1-BD25-4DC3-808D-4B0D2F3A7A40}.Release|Any CPU.Build.0 = Release|Any CPU
		{2E739197-A174-408C-8FCB-22E459041421}.Debug|Any CPU.ActiveCfg = Debug|Any CPU
		{2E739197-A174-408C-8FCB-22E459041421}.Debug|Any CPU.Build.0 = Debug|Any CPU
		{2E739197-A174-408C-8FCB-22E459041421}.Release|Any CPU.ActiveCfg = Release|Any CPU
		{2E739197-A174-408C-8FCB-22E459041421}.Release|Any CPU.Build.0 = Release|Any CPU
	EndGlobalSection
	GlobalSection(SolutionProperties) = preSolution
		HideSolutionNode = FALSE
	EndGlobalSection
EndGlobal
