
Microsoft Visual Studio Solution File, Format Version 12.00
# Visual Studio 15
VisualStudioVersion = 15.0.26730.15
MinimumVisualStudioVersion = 10.0.40219.1
Project("{9A19103F-16F7-4668-BE54-9A1E7A4F7556}") = "P01_HospitalDatabase", "P01_HospitalDatabase\P01_HospitalDatabase.csproj", "{051EF1C1-D4AF-47AE-95CC-50D6255DEAC6}"
EndProject
Project("{9A19103F-16F7-4668-BE54-9A1E7A4F7556}") = "StartUp", "StartUp\StartUp.csproj", "{D4382E0F-C78B-4FAF-8CFD-356CF9701CF1}"
EndProject
Project("{9A19103F-16F7-4668-BE54-9A1E7A4F7556}") = "HospitalDatabaseInitializer", "HospitalDatabaseInitializer\HospitalDatabaseInitializer.csproj", "{0CCF59BF-BCFB-4AC6-84D1-09237F8175BA}"
EndProject
Global
	GlobalSection(SolutionConfigurationPlatforms) = preSolution
		Debug|Any CPU = Debug|Any CPU
		Release|Any CPU = Release|Any CPU
	EndGlobalSection
	GlobalSection(ProjectConfigurationPlatforms) = postSolution
		{051EF1C1-D4AF-47AE-95CC-50D6255DEAC6}.Debug|Any CPU.ActiveCfg = Debug|Any CPU
		{051EF1C1-D4AF-47AE-95CC-50D6255DEAC6}.Debug|Any CPU.Build.0 = Debug|Any CPU
		{051EF1C1-D4AF-47AE-95CC-50D6255DEAC6}.Release|Any CPU.ActiveCfg = Release|Any CPU
		{051EF1C1-D4AF-47AE-95CC-50D6255DEAC6}.Release|Any CPU.Build.0 = Release|Any CPU
		{D4382E0F-C78B-4FAF-8CFD-356CF9701CF1}.Debug|Any CPU.ActiveCfg = Debug|Any CPU
		{D4382E0F-C78B-4FAF-8CFD-356CF9701CF1}.Debug|Any CPU.Build.0 = Debug|Any CPU
		{D4382E0F-C78B-4FAF-8CFD-356CF9701CF1}.Release|Any CPU.ActiveCfg = Release|Any CPU
		{D4382E0F-C78B-4FAF-8CFD-356CF9701CF1}.Release|Any CPU.Build.0 = Release|Any CPU
		{0CCF59BF-BCFB-4AC6-84D1-09237F8175BA}.Debug|Any CPU.ActiveCfg = Debug|Any CPU
		{0CCF59BF-BCFB-4AC6-84D1-09237F8175BA}.Debug|Any CPU.Build.0 = Debug|Any CPU
		{0CCF59BF-BCFB-4AC6-84D1-09237F8175BA}.Release|Any CPU.ActiveCfg = Release|Any CPU
		{0CCF59BF-BCFB-4AC6-84D1-09237F8175BA}.Release|Any CPU.Build.0 = Release|Any CPU
	EndGlobalSection
	GlobalSection(SolutionProperties) = preSolution
		HideSolutionNode = FALSE
	EndGlobalSection
	GlobalSection(ExtensibilityGlobals) = postSolution
		SolutionGuid = {06DCEE9C-E259-4AAF-A662-19C5A4488559}
	EndGlobalSection
EndGlobal
