
Microsoft Visual Studio Solution File, Format Version 12.00
# Visual Studio 15
VisualStudioVersion = 15.0.26730.15
MinimumVisualStudioVersion = 10.0.40219.1
Project("{FAE04EC0-301F-11D3-BF4B-00C04F79EFBC}") = "P03_SalesDatabase", "P03_SalesDatabase\P03_SalesDatabase.csproj", "{EF354205-9A61-405E-997A-3CD3FDE1B9E7}"
EndProject
Global
	GlobalSection(SolutionConfigurationPlatforms) = preSolution
		Debug|Any CPU = Debug|Any CPU
		Release|Any CPU = Release|Any CPU
	EndGlobalSection
	GlobalSection(ProjectConfigurationPlatforms) = postSolution
		{EF354205-9A61-405E-997A-3CD3FDE1B9E7}.Debug|Any CPU.ActiveCfg = Debug|Any CPU
		{EF354205-9A61-405E-997A-3CD3FDE1B9E7}.Debug|Any CPU.Build.0 = Debug|Any CPU
		{EF354205-9A61-405E-997A-3CD3FDE1B9E7}.Release|Any CPU.ActiveCfg = Release|Any CPU
		{EF354205-9A61-405E-997A-3CD3FDE1B9E7}.Release|Any CPU.Build.0 = Release|Any CPU
	EndGlobalSection
	GlobalSection(SolutionProperties) = preSolution
		HideSolutionNode = FALSE
	EndGlobalSection
	GlobalSection(ExtensibilityGlobals) = postSolution
		SolutionGuid = {A05649E5-3A63-4D2A-8D75-5AF3078E0CED}
	EndGlobalSection
EndGlobal
