
Microsoft Visual Studio Solution File, Format Version 12.00
# Visual Studio 14
VisualStudioVersion = 14.0.25420.1
MinimumVisualStudioVersion = 10.0.40219.1
Project("{FAE04EC0-301F-11D3-BF4B-00C04F79EFBC}") = "Sort Persons by Name and Age", "Sort Persons by Name and Age\Sort Persons by Name and Age.csproj", "{4CECF407-D988-42F6-BA1A-296171587261}"
EndProject
Project("{FAE04EC0-301F-11D3-BF4B-00C04F79EFBC}") = "Class Box", "Class Box\Class Box.csproj", "{72D7D784-B3F8-4D4E-AB72-1B0D7D4139BA}"
EndProject
Global
	GlobalSection(SolutionConfigurationPlatforms) = preSolution
		Debug|Any CPU = Debug|Any CPU
		Release|Any CPU = Release|Any CPU
	EndGlobalSection
	GlobalSection(ProjectConfigurationPlatforms) = postSolution
		{4CECF407-D988-42F6-BA1A-296171587261}.Debug|Any CPU.ActiveCfg = Debug|Any CPU
		{4CECF407-D988-42F6-BA1A-296171587261}.Debug|Any CPU.Build.0 = Debug|Any CPU
		{4CECF407-D988-42F6-BA1A-296171587261}.Release|Any CPU.ActiveCfg = Release|Any CPU
		{4CECF407-D988-42F6-BA1A-296171587261}.Release|Any CPU.Build.0 = Release|Any CPU
		{72D7D784-B3F8-4D4E-AB72-1B0D7D4139BA}.Debug|Any CPU.ActiveCfg = Debug|Any CPU
		{72D7D784-B3F8-4D4E-AB72-1B0D7D4139BA}.Debug|Any CPU.Build.0 = Debug|Any CPU
		{72D7D784-B3F8-4D4E-AB72-1B0D7D4139BA}.Release|Any CPU.ActiveCfg = Release|Any CPU
		{72D7D784-B3F8-4D4E-AB72-1B0D7D4139BA}.Release|Any CPU.Build.0 = Release|Any CPU
	EndGlobalSection
	GlobalSection(SolutionProperties) = preSolution
		HideSolutionNode = FALSE
	EndGlobalSection
EndGlobal
