
Microsoft Visual Studio Solution File, Format Version 12.00
# Visual Studio 14
VisualStudioVersion = 14.0.25420.1
MinimumVisualStudioVersion = 10.0.40219.1
Project("{FAE04EC0-301F-11D3-BF4B-00C04F79EFBC}") = "ConsoleApplication1", "ConsoleApplication1\ConsoleApplication1.csproj", "{1FBAA9E6-01DA-4687-B95D-CD175757BF0C}"
EndProject
Project("{FAE04EC0-301F-11D3-BF4B-00C04F79EFBC}") = "Sets Of Elements", "Sets Of Elements\Sets Of Elements.csproj", "{FC3BA507-8474-4CE3-A0B4-0EB8161A3C30}"
EndProject
Project("{FAE04EC0-301F-11D3-BF4B-00C04F79EFBC}") = "Periodic Table", "Periodic Table\Periodic Table.csproj", "{A67C2E7F-BD8B-49F9-A7EE-926CCAD5CCA2}"
EndProject
Project("{FAE04EC0-301F-11D3-BF4B-00C04F79EFBC}") = "Count Symbols", "Count Symbols\Count Symbols.csproj", "{0A8B1B08-3CA8-4C1E-B144-F0305627AD11}"
EndProject
Project("{FAE04EC0-301F-11D3-BF4B-00C04F79EFBC}") = "Phonebook", "Phonebook\Phonebook.csproj", "{D02E8066-8DA3-4EA2-9D34-46E835ECBE7D}"
EndProject
Project("{FAE04EC0-301F-11D3-BF4B-00C04F79EFBC}") = "A miner task", "A miner task\A miner task.csproj", "{E1A71615-0316-4565-A3CC-0E6043137887}"
EndProject
Global
	GlobalSection(SolutionConfigurationPlatforms) = preSolution
		Debug|Any CPU = Debug|Any CPU
		Release|Any CPU = Release|Any CPU
	EndGlobalSection
	GlobalSection(ProjectConfigurationPlatforms) = postSolution
		{1FBAA9E6-01DA-4687-B95D-CD175757BF0C}.Debug|Any CPU.ActiveCfg = Debug|Any CPU
		{1FBAA9E6-01DA-4687-B95D-CD175757BF0C}.Debug|Any CPU.Build.0 = Debug|Any CPU
		{1FBAA9E6-01DA-4687-B95D-CD175757BF0C}.Release|Any CPU.ActiveCfg = Release|Any CPU
		{1FBAA9E6-01DA-4687-B95D-CD175757BF0C}.Release|Any CPU.Build.0 = Release|Any CPU
		{FC3BA507-8474-4CE3-A0B4-0EB8161A3C30}.Debug|Any CPU.ActiveCfg = Debug|Any CPU
		{FC3BA507-8474-4CE3-A0B4-0EB8161A3C30}.Debug|Any CPU.Build.0 = Debug|Any CPU
		{FC3BA507-8474-4CE3-A0B4-0EB8161A3C30}.Release|Any CPU.ActiveCfg = Release|Any CPU
		{FC3BA507-8474-4CE3-A0B4-0EB8161A3C30}.Release|Any CPU.Build.0 = Release|Any CPU
		{A67C2E7F-BD8B-49F9-A7EE-926CCAD5CCA2}.Debug|Any CPU.ActiveCfg = Debug|Any CPU
		{A67C2E7F-BD8B-49F9-A7EE-926CCAD5CCA2}.Debug|Any CPU.Build.0 = Debug|Any CPU
		{A67C2E7F-BD8B-49F9-A7EE-926CCAD5CCA2}.Release|Any CPU.ActiveCfg = Release|Any CPU
		{A67C2E7F-BD8B-49F9-A7EE-926CCAD5CCA2}.Release|Any CPU.Build.0 = Release|Any CPU
		{0A8B1B08-3CA8-4C1E-B144-F0305627AD11}.Debug|Any CPU.ActiveCfg = Debug|Any CPU
		{0A8B1B08-3CA8-4C1E-B144-F0305627AD11}.Debug|Any CPU.Build.0 = Debug|Any CPU
		{0A8B1B08-3CA8-4C1E-B144-F0305627AD11}.Release|Any CPU.ActiveCfg = Release|Any CPU
		{0A8B1B08-3CA8-4C1E-B144-F0305627AD11}.Release|Any CPU.Build.0 = Release|Any CPU
		{D02E8066-8DA3-4EA2-9D34-46E835ECBE7D}.Debug|Any CPU.ActiveCfg = Debug|Any CPU
		{D02E8066-8DA3-4EA2-9D34-46E835ECBE7D}.Debug|Any CPU.Build.0 = Debug|Any CPU
		{D02E8066-8DA3-4EA2-9D34-46E835ECBE7D}.Release|Any CPU.ActiveCfg = Release|Any CPU
		{D02E8066-8DA3-4EA2-9D34-46E835ECBE7D}.Release|Any CPU.Build.0 = Release|Any CPU
		{E1A71615-0316-4565-A3CC-0E6043137887}.Debug|Any CPU.ActiveCfg = Debug|Any CPU
		{E1A71615-0316-4565-A3CC-0E6043137887}.Debug|Any CPU.Build.0 = Debug|Any CPU
		{E1A71615-0316-4565-A3CC-0E6043137887}.Release|Any CPU.ActiveCfg = Release|Any CPU
		{E1A71615-0316-4565-A3CC-0E6043137887}.Release|Any CPU.Build.0 = Release|Any CPU
	EndGlobalSection
	GlobalSection(SolutionProperties) = preSolution
		HideSolutionNode = FALSE
	EndGlobalSection
EndGlobal
