
Microsoft Visual Studio Solution File, Format Version 12.00
# Visual Studio 14
VisualStudioVersion = 14.0.25420.1
MinimumVisualStudioVersion = 10.0.40219.1
Project("{FAE04EC0-301F-11D3-BF4B-00C04F79EFBC}") = "Metric Converter", "Metric Converter\Metric Converter.csproj", "{CF1B4F85-786C-4411-B11C-D3B7F5043253}"
EndProject
Project("{FAE04EC0-301F-11D3-BF4B-00C04F79EFBC}") = "Area of Figures", "Area of Figures\Area of Figures.csproj", "{412CF66A-B01E-4B58-B320-268B9BAA3B2E}"
EndProject
Project("{FAE04EC0-301F-11D3-BF4B-00C04F79EFBC}") = "Time + 15 Minutes", "Time + 15 Minutes\Time + 15 Minutes.csproj", "{0ADDE496-1F0D-4A19-AACF-0A74C7B55D41}"
EndProject
Project("{FAE04EC0-301F-11D3-BF4B-00C04F79EFBC}") = "3 Equal Numbers", "3 Equal Numbers\3 Equal Numbers.csproj", "{B31EC344-CD45-4612-AAD0-DE191E5A8B8E}"
EndProject
Project("{FAE04EC0-301F-11D3-BF4B-00C04F79EFBC}") = "Number 0...100 to Text", "Number 0...100 to Text\Number 0...100 to Text.csproj", "{74DA8CBC-A90D-4964-90B2-9716058EFCFA}"
EndProject
Global
	GlobalSection(SolutionConfigurationPlatforms) = preSolution
		Debug|Any CPU = Debug|Any CPU
		Release|Any CPU = Release|Any CPU
	EndGlobalSection
	GlobalSection(ProjectConfigurationPlatforms) = postSolution
		{CF1B4F85-786C-4411-B11C-D3B7F5043253}.Debug|Any CPU.ActiveCfg = Debug|Any CPU
		{CF1B4F85-786C-4411-B11C-D3B7F5043253}.Debug|Any CPU.Build.0 = Debug|Any CPU
		{CF1B4F85-786C-4411-B11C-D3B7F5043253}.Release|Any CPU.ActiveCfg = Release|Any CPU
		{CF1B4F85-786C-4411-B11C-D3B7F5043253}.Release|Any CPU.Build.0 = Release|Any CPU
		{412CF66A-B01E-4B58-B320-268B9BAA3B2E}.Debug|Any CPU.ActiveCfg = Debug|Any CPU
		{412CF66A-B01E-4B58-B320-268B9BAA3B2E}.Debug|Any CPU.Build.0 = Debug|Any CPU
		{412CF66A-B01E-4B58-B320-268B9BAA3B2E}.Release|Any CPU.ActiveCfg = Release|Any CPU
		{412CF66A-B01E-4B58-B320-268B9BAA3B2E}.Release|Any CPU.Build.0 = Release|Any CPU
		{0ADDE496-1F0D-4A19-AACF-0A74C7B55D41}.Debug|Any CPU.ActiveCfg = Debug|Any CPU
		{0ADDE496-1F0D-4A19-AACF-0A74C7B55D41}.Debug|Any CPU.Build.0 = Debug|Any CPU
		{0ADDE496-1F0D-4A19-AACF-0A74C7B55D41}.Release|Any CPU.ActiveCfg = Release|Any CPU
		{0ADDE496-1F0D-4A19-AACF-0A74C7B55D41}.Release|Any CPU.Build.0 = Release|Any CPU
		{B31EC344-CD45-4612-AAD0-DE191E5A8B8E}.Debug|Any CPU.ActiveCfg = Debug|Any CPU
		{B31EC344-CD45-4612-AAD0-DE191E5A8B8E}.Debug|Any CPU.Build.0 = Debug|Any CPU
		{B31EC344-CD45-4612-AAD0-DE191E5A8B8E}.Release|Any CPU.ActiveCfg = Release|Any CPU
		{B31EC344-CD45-4612-AAD0-DE191E5A8B8E}.Release|Any CPU.Build.0 = Release|Any CPU
		{74DA8CBC-A90D-4964-90B2-9716058EFCFA}.Debug|Any CPU.ActiveCfg = Debug|Any CPU
		{74DA8CBC-A90D-4964-90B2-9716058EFCFA}.Debug|Any CPU.Build.0 = Debug|Any CPU
		{74DA8CBC-A90D-4964-90B2-9716058EFCFA}.Release|Any CPU.ActiveCfg = Release|Any CPU
		{74DA8CBC-A90D-4964-90B2-9716058EFCFA}.Release|Any CPU.Build.0 = Release|Any CPU
	EndGlobalSection
	GlobalSection(SolutionProperties) = preSolution
		HideSolutionNode = FALSE
	EndGlobalSection
EndGlobal
