
Microsoft Visual Studio Solution File, Format Version 12.00
# Visual Studio 14
VisualStudioVersion = 14.0.25420.1
MinimumVisualStudioVersion = 10.0.40219.1
Project("{FAE04EC0-301F-11D3-BF4B-00C04F79EFBC}") = "LiveDemo", "LiveDemo\LiveDemo.csproj", "{CE7460CD-4760-4007-9080-7773C36FC9AB}"
EndProject
Project("{FAE04EC0-301F-11D3-BF4B-00C04F79EFBC}") = "Faktorel", "Faktorel\Faktorel.csproj", "{8DDF2C90-2E6E-4CC0-9CC1-0491E97BF4F1}"
EndProject
Global
	GlobalSection(SolutionConfigurationPlatforms) = preSolution
		Debug|Any CPU = Debug|Any CPU
		Release|Any CPU = Release|Any CPU
	EndGlobalSection
	GlobalSection(ProjectConfigurationPlatforms) = postSolution
		{CE7460CD-4760-4007-9080-7773C36FC9AB}.Debug|Any CPU.ActiveCfg = Debug|Any CPU
		{CE7460CD-4760-4007-9080-7773C36FC9AB}.Debug|Any CPU.Build.0 = Debug|Any CPU
		{CE7460CD-4760-4007-9080-7773C36FC9AB}.Release|Any CPU.ActiveCfg = Release|Any CPU
		{CE7460CD-4760-4007-9080-7773C36FC9AB}.Release|Any CPU.Build.0 = Release|Any CPU
		{8DDF2C90-2E6E-4CC0-9CC1-0491E97BF4F1}.Debug|Any CPU.ActiveCfg = Debug|Any CPU
		{8DDF2C90-2E6E-4CC0-9CC1-0491E97BF4F1}.Debug|Any CPU.Build.0 = Debug|Any CPU
		{8DDF2C90-2E6E-4CC0-9CC1-0491E97BF4F1}.Release|Any CPU.ActiveCfg = Release|Any CPU
		{8DDF2C90-2E6E-4CC0-9CC1-0491E97BF4F1}.Release|Any CPU.Build.0 = Release|Any CPU
	EndGlobalSection
	GlobalSection(SolutionProperties) = preSolution
		HideSolutionNode = FALSE
	EndGlobalSection
EndGlobal
