
Microsoft Visual Studio Solution File, Format Version 12.00
# Visual Studio 14
VisualStudioVersion = 14.0.25420.1
MinimumVisualStudioVersion = 10.0.40219.1
Project("{FAE04EC0-301F-11D3-BF4B-00C04F79EFBC}") = "Define Bank Account", "Define Bank Account\Define Bank Account.csproj", "{6AEB16C2-0D29-4204-8B79-51262864E784}"
EndProject
Project("{FAE04EC0-301F-11D3-BF4B-00C04F79EFBC}") = "01. Define a class Person", "01. Define a class Person\01. Define a class Person.csproj", "{86678C67-F928-447F-9A84-A500E356B0A7}"
EndProject
Global
	GlobalSection(SolutionConfigurationPlatforms) = preSolution
		Debug|Any CPU = Debug|Any CPU
		Release|Any CPU = Release|Any CPU
	EndGlobalSection
	GlobalSection(ProjectConfigurationPlatforms) = postSolution
		{6AEB16C2-0D29-4204-8B79-51262864E784}.Debug|Any CPU.ActiveCfg = Debug|Any CPU
		{6AEB16C2-0D29-4204-8B79-51262864E784}.Debug|Any CPU.Build.0 = Debug|Any CPU
		{6AEB16C2-0D29-4204-8B79-51262864E784}.Release|Any CPU.ActiveCfg = Release|Any CPU
		{6AEB16C2-0D29-4204-8B79-51262864E784}.Release|Any CPU.Build.0 = Release|Any CPU
		{86678C67-F928-447F-9A84-A500E356B0A7}.Debug|Any CPU.ActiveCfg = Debug|Any CPU
		{86678C67-F928-447F-9A84-A500E356B0A7}.Debug|Any CPU.Build.0 = Debug|Any CPU
		{86678C67-F928-447F-9A84-A500E356B0A7}.Release|Any CPU.ActiveCfg = Release|Any CPU
		{86678C67-F928-447F-9A84-A500E356B0A7}.Release|Any CPU.Build.0 = Release|Any CPU
	EndGlobalSection
	GlobalSection(SolutionProperties) = preSolution
		HideSolutionNode = FALSE
	EndGlobalSection
EndGlobal
