
Microsoft Visual Studio Solution File, Format Version 12.00
# Visual Studio 14
VisualStudioVersion = 14.0.25420.1
MinimumVisualStudioVersion = 10.0.40219.1
Project("{FAE04EC0-301F-11D3-BF4B-00C04F79EFBC}") = "1. Hello, Name!", "1. Hello, Name!\1. Hello, Name!.csproj", "{5FDA9325-A7C4-47D7-9337-F63A9C0DCF31}"
EndProject
Project("{FAE04EC0-301F-11D3-BF4B-00C04F79EFBC}") = "2. Max Method", "2. Max Method\2. Max Method.csproj", "{E6B99578-921C-4EE0-B91C-B99A91C17B0C}"
EndProject
Project("{FAE04EC0-301F-11D3-BF4B-00C04F79EFBC}") = "3. English Name оf The Last Digit", "3. English Name оf The Last Digit\3. English Name оf The Last Digit.csproj", "{0B3A1C3B-13BB-44A0-9556-BDEF0EA8AF7E}"
EndProject
Project("{FAE04EC0-301F-11D3-BF4B-00C04F79EFBC}") = "5. Fibonachi Number", "5. Fibonachi Number\5. Fibonachi Number.csproj", "{9A4D7433-44F6-4C82-BD49-86C255C5CCDF}"
EndProject
Project("{FAE04EC0-301F-11D3-BF4B-00C04F79EFBC}") = "4. Numbers in Reversed Order", "4. Numbers in Reversed Order\4. Numbers in Reversed Order.csproj", "{68AA051F-7D40-4E06-991D-6F345B393224}"
EndProject
Project("{FAE04EC0-301F-11D3-BF4B-00C04F79EFBC}") = "Prime Checker", "Prime Checker\Prime Checker.csproj", "{C5E3243B-D94D-4A46-9B51-50DAC21E3114}"
EndProject
Project("{FAE04EC0-301F-11D3-BF4B-00C04F79EFBC}") = "Primes in Given Range", "Primes in Given Range\Primes in Given Range.csproj", "{0A108962-64A2-46FC-94A4-C22906E12874}"
EndProject
Global
	GlobalSection(SolutionConfigurationPlatforms) = preSolution
		Debug|Any CPU = Debug|Any CPU
		Release|Any CPU = Release|Any CPU
	EndGlobalSection
	GlobalSection(ProjectConfigurationPlatforms) = postSolution
		{5FDA9325-A7C4-47D7-9337-F63A9C0DCF31}.Debug|Any CPU.ActiveCfg = Debug|Any CPU
		{5FDA9325-A7C4-47D7-9337-F63A9C0DCF31}.Debug|Any CPU.Build.0 = Debug|Any CPU
		{5FDA9325-A7C4-47D7-9337-F63A9C0DCF31}.Release|Any CPU.ActiveCfg = Release|Any CPU
		{5FDA9325-A7C4-47D7-9337-F63A9C0DCF31}.Release|Any CPU.Build.0 = Release|Any CPU
		{E6B99578-921C-4EE0-B91C-B99A91C17B0C}.Debug|Any CPU.ActiveCfg = Debug|Any CPU
		{E6B99578-921C-4EE0-B91C-B99A91C17B0C}.Debug|Any CPU.Build.0 = Debug|Any CPU
		{E6B99578-921C-4EE0-B91C-B99A91C17B0C}.Release|Any CPU.ActiveCfg = Release|Any CPU
		{E6B99578-921C-4EE0-B91C-B99A91C17B0C}.Release|Any CPU.Build.0 = Release|Any CPU
		{0B3A1C3B-13BB-44A0-9556-BDEF0EA8AF7E}.Debug|Any CPU.ActiveCfg = Debug|Any CPU
		{0B3A1C3B-13BB-44A0-9556-BDEF0EA8AF7E}.Debug|Any CPU.Build.0 = Debug|Any CPU
		{0B3A1C3B-13BB-44A0-9556-BDEF0EA8AF7E}.Release|Any CPU.ActiveCfg = Release|Any CPU
		{0B3A1C3B-13BB-44A0-9556-BDEF0EA8AF7E}.Release|Any CPU.Build.0 = Release|Any CPU
		{9A4D7433-44F6-4C82-BD49-86C255C5CCDF}.Debug|Any CPU.ActiveCfg = Debug|Any CPU
		{9A4D7433-44F6-4C82-BD49-86C255C5CCDF}.Debug|Any CPU.Build.0 = Debug|Any CPU
		{9A4D7433-44F6-4C82-BD49-86C255C5CCDF}.Release|Any CPU.ActiveCfg = Release|Any CPU
		{9A4D7433-44F6-4C82-BD49-86C255C5CCDF}.Release|Any CPU.Build.0 = Release|Any CPU
		{68AA051F-7D40-4E06-991D-6F345B393224}.Debug|Any CPU.ActiveCfg = Debug|Any CPU
		{68AA051F-7D40-4E06-991D-6F345B393224}.Debug|Any CPU.Build.0 = Debug|Any CPU
		{68AA051F-7D40-4E06-991D-6F345B393224}.Release|Any CPU.ActiveCfg = Release|Any CPU
		{68AA051F-7D40-4E06-991D-6F345B393224}.Release|Any CPU.Build.0 = Release|Any CPU
		{C5E3243B-D94D-4A46-9B51-50DAC21E3114}.Debug|Any CPU.ActiveCfg = Debug|Any CPU
		{C5E3243B-D94D-4A46-9B51-50DAC21E3114}.Debug|Any CPU.Build.0 = Debug|Any CPU
		{C5E3243B-D94D-4A46-9B51-50DAC21E3114}.Release|Any CPU.ActiveCfg = Release|Any CPU
		{C5E3243B-D94D-4A46-9B51-50DAC21E3114}.Release|Any CPU.Build.0 = Release|Any CPU
		{0A108962-64A2-46FC-94A4-C22906E12874}.Debug|Any CPU.ActiveCfg = Debug|Any CPU
		{0A108962-64A2-46FC-94A4-C22906E12874}.Debug|Any CPU.Build.0 = Debug|Any CPU
		{0A108962-64A2-46FC-94A4-C22906E12874}.Release|Any CPU.ActiveCfg = Release|Any CPU
		{0A108962-64A2-46FC-94A4-C22906E12874}.Release|Any CPU.Build.0 = Release|Any CPU
	EndGlobalSection
	GlobalSection(SolutionProperties) = preSolution
		HideSolutionNode = FALSE
	EndGlobalSection
EndGlobal
